// !$*UTF8*$!
{
	archiveVersion = 1;
	classes = {
	};
	objectVersion = 46;
	objects = {

/* Begin PBXBuildFile section */
		1C1D533516D75F94003A8AE8 /* MeshDataSync.m in Sources */ = {isa = PBXBuildFile; fileRef = 1C1D533416D75F94003A8AE8 /* MeshDataSync.m */; };
		1C52876716D6AF6600C4AEFC /* olsrd.conf in Resources */ = {isa = PBXBuildFile; fileRef = 1C52876316D6AF6600C4AEFC /* olsrd.conf */; };
		1C52876816D6AF6600C4AEFC /* olsrd_jsoninfo.so.0.0 in Resources */ = {isa = PBXBuildFile; fileRef = 1C52876516D6AF6600C4AEFC /* olsrd_jsoninfo.so.0.0 */; };
		1C52876916D6AF6600C4AEFC /* olsrd in Resources */ = {isa = PBXBuildFile; fileRef = 1C52876616D6AF6600C4AEFC /* olsrd */; };
		1C52876C16D70A7C00C4AEFC /* NetworkDataSync.m in Sources */ = {isa = PBXBuildFile; fileRef = 1C52876B16D70A7C00C4AEFC /* NetworkDataSync.m */; };
		1C72FD0616C6FCA3000A6FE8 /* menuIcon.png in Resources */ = {isa = PBXBuildFile; fileRef = 1C72FD0416C6FCA3000A6FE8 /* menuIcon.png */; };
		1C72FD0716C6FCA3000A6FE8 /* menuIconHighlighted.png in Resources */ = {isa = PBXBuildFile; fileRef = 1C72FD0516C6FCA3000A6FE8 /* menuIconHighlighted.png */; };
		1C8302DC16CEFA97003A59FB /* ProfilesViewController.m in Sources */ = {isa = PBXBuildFile; fileRef = 1C8302DA16CEFA97003A59FB /* ProfilesViewController.m */; };
		1C8302E516CEFBA8003A59FB /* StatusViewController.m in Sources */ = {isa = PBXBuildFile; fileRef = 1C8302E316CEFBA8003A59FB /* StatusViewController.m */; };
		1C8302E616CEFBA8003A59FB /* StatusViewController.xib in Resources */ = {isa = PBXBuildFile; fileRef = 1C8302E416CEFBA8003A59FB /* StatusViewController.xib */; };
		1C8302F016CF21F5003A59FB /* MASPreferencesWindow.xib in Resources */ = {isa = PBXBuildFile; fileRef = 1C8302ED16CF21F5003A59FB /* MASPreferencesWindow.xib */; };
		1C8302F116CF21F5003A59FB /* MASPreferencesWindowController.m in Sources */ = {isa = PBXBuildFile; fileRef = 1C8302EF16CF21F5003A59FB /* MASPreferencesWindowController.m */; settings = {COMPILER_FLAGS = "-fno-objc-arc"; }; };
		1C8302FC16CF64E5003A59FB /* HelpViewController.xib in Resources */ = {isa = PBXBuildFile; fileRef = 1C8302F916CF64E5003A59FB /* HelpViewController.xib */; };
		1C8302FD16CF64E5003A59FB /* HelpViewController.m in Sources */ = {isa = PBXBuildFile; fileRef = 1C8302FA16CF64E5003A59FB /* HelpViewController.m */; };
		1C83030116CF64F5003A59FB /* LogViewController.xib in Resources */ = {isa = PBXBuildFile; fileRef = 1C8302FE16CF64F5003A59FB /* LogViewController.xib */; };
		1C83030216CF64F5003A59FB /* LogViewController.m in Sources */ = {isa = PBXBuildFile; fileRef = 1C8302FF16CF64F5003A59FB /* LogViewController.m */; };
		1C83030416CF65A9003A59FB /* ProfilesViewController.xib in Resources */ = {isa = PBXBuildFile; fileRef = 1C83030316CF65A9003A59FB /* ProfilesViewController.xib */; };
		1C83030816CF67D9003A59FB /* tabStatus.png in Resources */ = {isa = PBXBuildFile; fileRef = 1C83030716CF67D9003A59FB /* tabStatus.png */; };
		1C83031016CF6F16003A59FB /* tabHelp.png in Resources */ = {isa = PBXBuildFile; fileRef = 1C83030916CF6F16003A59FB /* tabHelp.png */; };
		1C83031116CF6F16003A59FB /* tabHelp@2x.png in Resources */ = {isa = PBXBuildFile; fileRef = 1C83030A16CF6F16003A59FB /* tabHelp@2x.png */; };
		1C83031216CF6F16003A59FB /* tabLog.png in Resources */ = {isa = PBXBuildFile; fileRef = 1C83030B16CF6F16003A59FB /* tabLog.png */; };
		1C83031316CF6F16003A59FB /* tabLog@2x.png in Resources */ = {isa = PBXBuildFile; fileRef = 1C83030C16CF6F16003A59FB /* tabLog@2x.png */; };
		1C83031416CF6F16003A59FB /* tabProfiles.png in Resources */ = {isa = PBXBuildFile; fileRef = 1C83030D16CF6F16003A59FB /* tabProfiles.png */; };
		1C83031516CF6F16003A59FB /* tabProfiles@2x.png in Resources */ = {isa = PBXBuildFile; fileRef = 1C83030E16CF6F16003A59FB /* tabProfiles@2x.png */; };
		1C83031616CF6F16003A59FB /* tabStatus@2x.png in Resources */ = {isa = PBXBuildFile; fileRef = 1C83030F16CF6F16003A59FB /* tabStatus@2x.png */; };
		1C83031A16CF7B7B003A59FB /* ProfilesData.m in Sources */ = {isa = PBXBuildFile; fileRef = 1C83031916CF7B7B003A59FB /* ProfilesData.m */; };
		1C83031D16CF880D003A59FB /* profileThumb.png in Resources */ = {isa = PBXBuildFile; fileRef = 1C83031B16CF880D003A59FB /* profileThumb.png */; };
		1C83031E16CF880D003A59FB /* profileThumb@2x.png in Resources */ = {isa = PBXBuildFile; fileRef = 1C83031C16CF880D003A59FB /* profileThumb@2x.png */; };
		1C83035016D087D0003A59FB /* Security.framework in Frameworks */ = {isa = PBXBuildFile; fileRef = 1C83034F16D087CF003A59FB /* Security.framework */; };
		1C83036B16D0CC35003A59FB /* BLAuthentication.m in Sources */ = {isa = PBXBuildFile; fileRef = 1C83036A16D0CC35003A59FB /* BLAuthentication.m */; settings = {COMPILER_FLAGS = "-fno-objc-arc"; }; };
		1C890ABC16C7337F002CE42F /* icons.iconset in Resources */ = {isa = PBXBuildFile; fileRef = 1C890ABB16C7337F002CE42F /* icons.iconset */; };
		1CC520F016B66128001951D8 /* Cocoa.framework in Frameworks */ = {isa = PBXBuildFile; fileRef = 1CC520EF16B66128001951D8 /* Cocoa.framework */; };
		1CC5211416B66BEC001951D8 /* libicucore.dylib in Frameworks */ = {isa = PBXBuildFile; fileRef = 1CC5211316B66BEC001951D8 /* libicucore.dylib */; };
		1CD4E9AE16C5CDD300BDF1B3 /* MainMenu.xib in Resources */ = {isa = PBXBuildFile; fileRef = 1CD4E9AA16C5CDD300BDF1B3 /* MainMenu.xib */; };
		1CD4E9AF16C5CDD300BDF1B3 /* AppDelegate.m in Sources */ = {isa = PBXBuildFile; fileRef = 1CD4E9AC16C5CDD300BDF1B3 /* AppDelegate.m */; };
		1CD4E9B316C5CDFF00BDF1B3 /* main.m in Sources */ = {isa = PBXBuildFile; fileRef = 1CD4E9B216C5CDFF00BDF1B3 /* main.m */; };
		1CD4E9BB16C5CE1100BDF1B3 /* InfoPlist.strings in Resources */ = {isa = PBXBuildFile; fileRef = 1CD4E9B816C5CE1100BDF1B3 /* InfoPlist.strings */; };
		1CD9F83A16D18C2B0097D188 /* CoreWLAN.framework in Frameworks */ = {isa = PBXBuildFile; fileRef = 1CD9F83916D18C2B0097D188 /* CoreWLAN.framework */; };
		1CD9F83C16D18C3C0097D188 /* SecurityInterface.framework in Frameworks */ = {isa = PBXBuildFile; fileRef = 1CD9F83B16D18C3C0097D188 /* SecurityInterface.framework */; };
		1CD9F84316D19AB70097D188 /* menuMeshStatus.png in Resources */ = {isa = PBXBuildFile; fileRef = 1CD9F83F16D19AB70097D188 /* menuMeshStatus.png */; };
		1CD9F84416D19AB70097D188 /* menuMeshStatus@2x.png in Resources */ = {isa = PBXBuildFile; fileRef = 1CD9F84016D19AB70097D188 /* menuMeshStatus@2x.png */; };
		1CD9F84516D19AB70097D188 /* menuNetworkStatus.png in Resources */ = {isa = PBXBuildFile; fileRef = 1CD9F84116D19AB70097D188 /* menuNetworkStatus.png */; };
		1CD9F84616D19AB70097D188 /* menuNetworkStatus@2x.png in Resources */ = {isa = PBXBuildFile; fileRef = 1CD9F84216D19AB70097D188 /* menuNetworkStatus@2x.png */; };
		1CD9F8DB16D2FF080097D188 /* CoreFoundation.framework in Frameworks */ = {isa = PBXBuildFile; fileRef = 1CD9F8DA16D2FF080097D188 /* CoreFoundation.framework */; };
		1CD9F8DD16D2FF340097D188 /* SystemConfiguration.framework in Frameworks */ = {isa = PBXBuildFile; fileRef = 1CD9F8DC16D2FF340097D188 /* SystemConfiguration.framework */; };
		1CFACFD416DC27ED00DBBA58 /* ProfilesDoc.m in Sources */ = {isa = PBXBuildFile; fileRef = 1CFACFD316DC27ED00DBBA58 /* ProfilesDoc.m */; };
		1CFACFD716DC2E5700DBBA58 /* ProfilesDatabase.m in Sources */ = {isa = PBXBuildFile; fileRef = 1CFACFD616DC2E5600DBBA58 /* ProfilesDatabase.m */; };
/* End PBXBuildFile section */

/* Begin PBXFileReference section */
		1C1D533316D75F94003A8AE8 /* MeshDataSync.h */ = {isa = PBXFileReference; fileEncoding = 4; lastKnownFileType = sourcecode.c.h; name = MeshDataSync.h; path = "commotion-meshbook/Data/MeshDataSync.h"; sourceTree = SOURCE_ROOT; };
		1C1D533416D75F94003A8AE8 /* MeshDataSync.m */ = {isa = PBXFileReference; fileEncoding = 4; lastKnownFileType = sourcecode.c.objc; name = MeshDataSync.m; path = "commotion-meshbook/Data/MeshDataSync.m"; sourceTree = SOURCE_ROOT; };
		1C52876316D6AF6600C4AEFC /* olsrd.conf */ = {isa = PBXFileReference; fileEncoding = 4; lastKnownFileType = text; path = olsrd.conf; sourceTree = "<group>"; };
		1C52876516D6AF6600C4AEFC /* olsrd_jsoninfo.so.0.0 */ = {isa = PBXFileReference; lastKnownFileType = "compiled.mach-o.bundle"; path = olsrd_jsoninfo.so.0.0; sourceTree = "<group>"; };
		1C52876616D6AF6600C4AEFC /* olsrd */ = {isa = PBXFileReference; lastKnownFileType = "compiled.mach-o.executable"; path = olsrd; sourceTree = "<group>"; };
		1C52876A16D70A7C00C4AEFC /* NetworkDataSync.h */ = {isa = PBXFileReference; fileEncoding = 4; lastKnownFileType = sourcecode.c.h; name = NetworkDataSync.h; path = "commotion-meshbook/Data/NetworkDataSync.h"; sourceTree = SOURCE_ROOT; };
		1C52876B16D70A7C00C4AEFC /* NetworkDataSync.m */ = {isa = PBXFileReference; fileEncoding = 4; lastKnownFileType = sourcecode.c.objc; name = NetworkDataSync.m; path = "commotion-meshbook/Data/NetworkDataSync.m"; sourceTree = SOURCE_ROOT; };
		1C72FD0416C6FCA3000A6FE8 /* menuIcon.png */ = {isa = PBXFileReference; lastKnownFileType = image.png; name = menuIcon.png; path = "commotion-meshbook/Images/menuIcon.png"; sourceTree = SOURCE_ROOT; };
		1C72FD0516C6FCA3000A6FE8 /* menuIconHighlighted.png */ = {isa = PBXFileReference; lastKnownFileType = image.png; name = menuIconHighlighted.png; path = "commotion-meshbook/Images/menuIconHighlighted.png"; sourceTree = SOURCE_ROOT; };
		1C8302D916CEFA97003A59FB /* ProfilesViewController.h */ = {isa = PBXFileReference; fileEncoding = 4; lastKnownFileType = sourcecode.c.h; name = ProfilesViewController.h; path = "commotion-meshbook/ViewControllers/ProfilesViewController.h"; sourceTree = SOURCE_ROOT; };
		1C8302DA16CEFA97003A59FB /* ProfilesViewController.m */ = {isa = PBXFileReference; fileEncoding = 4; lastKnownFileType = sourcecode.c.objc; name = ProfilesViewController.m; path = "commotion-meshbook/ViewControllers/ProfilesViewController.m"; sourceTree = SOURCE_ROOT; };
		1C8302E216CEFBA8003A59FB /* StatusViewController.h */ = {isa = PBXFileReference; fileEncoding = 4; lastKnownFileType = sourcecode.c.h; name = StatusViewController.h; path = "commotion-meshbook/ViewControllers/StatusViewController.h"; sourceTree = SOURCE_ROOT; };
		1C8302E316CEFBA8003A59FB /* StatusViewController.m */ = {isa = PBXFileReference; fileEncoding = 4; lastKnownFileType = sourcecode.c.objc; name = StatusViewController.m; path = "commotion-meshbook/ViewControllers/StatusViewController.m"; sourceTree = SOURCE_ROOT; };
		1C8302E416CEFBA8003A59FB /* StatusViewController.xib */ = {isa = PBXFileReference; fileEncoding = 4; lastKnownFileType = file.xib; name = StatusViewController.xib; path = "commotion-meshbook/ViewControllers/StatusViewController.xib"; sourceTree = SOURCE_ROOT; };
		1C8302EC16CF21F5003A59FB /* MASPreferencesViewController.h */ = {isa = PBXFileReference; fileEncoding = 4; lastKnownFileType = sourcecode.c.h; path = MASPreferencesViewController.h; sourceTree = "<group>"; };
		1C8302ED16CF21F5003A59FB /* MASPreferencesWindow.xib */ = {isa = PBXFileReference; fileEncoding = 4; lastKnownFileType = file.xib; path = MASPreferencesWindow.xib; sourceTree = "<group>"; };
		1C8302EE16CF21F5003A59FB /* MASPreferencesWindowController.h */ = {isa = PBXFileReference; fileEncoding = 4; lastKnownFileType = sourcecode.c.h; path = MASPreferencesWindowController.h; sourceTree = "<group>"; };
		1C8302EF16CF21F5003A59FB /* MASPreferencesWindowController.m */ = {isa = PBXFileReference; fileEncoding = 4; lastKnownFileType = sourcecode.c.objc; path = MASPreferencesWindowController.m; sourceTree = "<group>"; };
		1C8302F916CF64E5003A59FB /* HelpViewController.xib */ = {isa = PBXFileReference; fileEncoding = 4; lastKnownFileType = file.xib; name = HelpViewController.xib; path = "commotion-meshbook/ViewControllers/HelpViewController.xib"; sourceTree = SOURCE_ROOT; };
		1C8302FA16CF64E5003A59FB /* HelpViewController.m */ = {isa = PBXFileReference; fileEncoding = 4; lastKnownFileType = sourcecode.c.objc; name = HelpViewController.m; path = "commotion-meshbook/ViewControllers/HelpViewController.m"; sourceTree = SOURCE_ROOT; };
		1C8302FB16CF64E5003A59FB /* HelpViewController.h */ = {isa = PBXFileReference; fileEncoding = 4; lastKnownFileType = sourcecode.c.h; name = HelpViewController.h; path = "commotion-meshbook/ViewControllers/HelpViewController.h"; sourceTree = SOURCE_ROOT; };
		1C8302FE16CF64F5003A59FB /* LogViewController.xib */ = {isa = PBXFileReference; fileEncoding = 4; lastKnownFileType = file.xib; name = LogViewController.xib; path = "commotion-meshbook/ViewControllers/LogViewController.xib"; sourceTree = SOURCE_ROOT; };
		1C8302FF16CF64F5003A59FB /* LogViewController.m */ = {isa = PBXFileReference; fileEncoding = 4; lastKnownFileType = sourcecode.c.objc; name = LogViewController.m; path = "commotion-meshbook/ViewControllers/LogViewController.m"; sourceTree = SOURCE_ROOT; };
		1C83030016CF64F5003A59FB /* LogViewController.h */ = {isa = PBXFileReference; fileEncoding = 4; lastKnownFileType = sourcecode.c.h; name = LogViewController.h; path = "commotion-meshbook/ViewControllers/LogViewController.h"; sourceTree = SOURCE_ROOT; };
		1C83030316CF65A9003A59FB /* ProfilesViewController.xib */ = {isa = PBXFileReference; fileEncoding = 4; lastKnownFileType = file.xib; name = ProfilesViewController.xib; path = "commotion-meshbook/ViewControllers/ProfilesViewController.xib"; sourceTree = SOURCE_ROOT; };
		1C83030716CF67D9003A59FB /* tabStatus.png */ = {isa = PBXFileReference; lastKnownFileType = image.png; name = tabStatus.png; path = "commotion-meshbook/Images/tabStatus.png"; sourceTree = SOURCE_ROOT; };
		1C83030916CF6F16003A59FB /* tabHelp.png */ = {isa = PBXFileReference; lastKnownFileType = image.png; name = tabHelp.png; path = "commotion-meshbook/Images/tabHelp.png"; sourceTree = SOURCE_ROOT; };
		1C83030A16CF6F16003A59FB /* tabHelp@2x.png */ = {isa = PBXFileReference; lastKnownFileType = image.png; name = "tabHelp@2x.png"; path = "commotion-meshbook/Images/tabHelp@2x.png"; sourceTree = SOURCE_ROOT; };
		1C83030B16CF6F16003A59FB /* tabLog.png */ = {isa = PBXFileReference; lastKnownFileType = image.png; name = tabLog.png; path = "commotion-meshbook/Images/tabLog.png"; sourceTree = SOURCE_ROOT; };
		1C83030C16CF6F16003A59FB /* tabLog@2x.png */ = {isa = PBXFileReference; lastKnownFileType = image.png; name = "tabLog@2x.png"; path = "commotion-meshbook/Images/tabLog@2x.png"; sourceTree = SOURCE_ROOT; };
		1C83030D16CF6F16003A59FB /* tabProfiles.png */ = {isa = PBXFileReference; lastKnownFileType = image.png; name = tabProfiles.png; path = "commotion-meshbook/Images/tabProfiles.png"; sourceTree = SOURCE_ROOT; };
		1C83030E16CF6F16003A59FB /* tabProfiles@2x.png */ = {isa = PBXFileReference; lastKnownFileType = image.png; name = "tabProfiles@2x.png"; path = "commotion-meshbook/Images/tabProfiles@2x.png"; sourceTree = SOURCE_ROOT; };
		1C83030F16CF6F16003A59FB /* tabStatus@2x.png */ = {isa = PBXFileReference; lastKnownFileType = image.png; name = "tabStatus@2x.png"; path = "commotion-meshbook/Images/tabStatus@2x.png"; sourceTree = SOURCE_ROOT; };
		1C83031816CF7B7B003A59FB /* ProfilesData.h */ = {isa = PBXFileReference; fileEncoding = 4; lastKnownFileType = sourcecode.c.h; name = ProfilesData.h; path = "commotion-meshbook/Data/ProfilesData.h"; sourceTree = SOURCE_ROOT; };
		1C83031916CF7B7B003A59FB /* ProfilesData.m */ = {isa = PBXFileReference; fileEncoding = 4; lastKnownFileType = sourcecode.c.objc; name = ProfilesData.m; path = "commotion-meshbook/Data/ProfilesData.m"; sourceTree = SOURCE_ROOT; };
		1C83031B16CF880D003A59FB /* profileThumb.png */ = {isa = PBXFileReference; lastKnownFileType = image.png; name = profileThumb.png; path = "commotion-meshbook/Images/profileThumb.png"; sourceTree = SOURCE_ROOT; };
		1C83031C16CF880D003A59FB /* profileThumb@2x.png */ = {isa = PBXFileReference; lastKnownFileType = image.png; name = "profileThumb@2x.png"; path = "commotion-meshbook/Images/profileThumb@2x.png"; sourceTree = SOURCE_ROOT; };
		1C83034F16D087CF003A59FB /* Security.framework */ = {isa = PBXFileReference; lastKnownFileType = wrapper.framework; name = Security.framework; path = System/Library/Frameworks/Security.framework; sourceTree = SDKROOT; };
		1C83035616D092CB003A59FB /* Foundation.framework */ = {isa = PBXFileReference; lastKnownFileType = wrapper.framework; name = Foundation.framework; path = System/Library/Frameworks/Foundation.framework; sourceTree = SDKROOT; };
		1C83036916D0CC35003A59FB /* BLAuthentication.h */ = {isa = PBXFileReference; fileEncoding = 4; lastKnownFileType = sourcecode.c.h; path = BLAuthentication.h; sourceTree = "<group>"; };
		1C83036A16D0CC35003A59FB /* BLAuthentication.m */ = {isa = PBXFileReference; fileEncoding = 4; lastKnownFileType = sourcecode.c.objc; path = BLAuthentication.m; sourceTree = "<group>"; };
		1C890ABB16C7337F002CE42F /* icons.iconset */ = {isa = PBXFileReference; lastKnownFileType = folder.iconset; name = icons.iconset; path = "commotion-meshbook/Images/icons.iconset"; sourceTree = SOURCE_ROOT; };
		1CC520EB16B66128001951D8 /* commotion-meshbook.app */ = {isa = PBXFileReference; explicitFileType = wrapper.application; includeInIndex = 0; path = "commotion-meshbook.app"; sourceTree = BUILT_PRODUCTS_DIR; };
		1CC520EF16B66128001951D8 /* Cocoa.framework */ = {isa = PBXFileReference; lastKnownFileType = wrapper.framework; name = Cocoa.framework; path = System/Library/Frameworks/Cocoa.framework; sourceTree = SDKROOT; };
		1CC520F216B66128001951D8 /* AppKit.framework */ = {isa = PBXFileReference; lastKnownFileType = wrapper.framework; name = AppKit.framework; path = System/Library/Frameworks/AppKit.framework; sourceTree = SDKROOT; };
		1CC520F316B66128001951D8 /* CoreData.framework */ = {isa = PBXFileReference; lastKnownFileType = wrapper.framework; name = CoreData.framework; path = System/Library/Frameworks/CoreData.framework; sourceTree = SDKROOT; };
		1CC5211316B66BEC001951D8 /* libicucore.dylib */ = {isa = PBXFileReference; lastKnownFileType = "compiled.mach-o.dylib"; name = libicucore.dylib; path = usr/lib/libicucore.dylib; sourceTree = SDKROOT; };
		1CD4E9A716C5CDD300BDF1B3 /* AppDelegate.h */ = {isa = PBXFileReference; fileEncoding = 4; lastKnownFileType = sourcecode.c.h; name = AppDelegate.h; path = "commotion-meshbook/AppDelegate.h"; sourceTree = SOURCE_ROOT; };
		1CD4E9AB16C5CDD300BDF1B3 /* en */ = {isa = PBXFileReference; lastKnownFileType = file.xib; name = en; path = "commotion-meshbook/en.lproj/MainMenu.xib"; sourceTree = SOURCE_ROOT; };
		1CD4E9AC16C5CDD300BDF1B3 /* AppDelegate.m */ = {isa = PBXFileReference; fileEncoding = 4; lastKnownFileType = sourcecode.c.objc; name = AppDelegate.m; path = "commotion-meshbook/AppDelegate.m"; sourceTree = SOURCE_ROOT; };
		1CD4E9B116C5CDFF00BDF1B3 /* commotion-meshbook-Prefix.pch */ = {isa = PBXFileReference; fileEncoding = 4; lastKnownFileType = sourcecode.c.h; name = "commotion-meshbook-Prefix.pch"; path = "commotion-meshbook/commotion-meshbook-Prefix.pch"; sourceTree = SOURCE_ROOT; };
		1CD4E9B216C5CDFF00BDF1B3 /* main.m */ = {isa = PBXFileReference; fileEncoding = 4; lastKnownFileType = sourcecode.c.objc; name = main.m; path = "commotion-meshbook/main.m"; sourceTree = SOURCE_ROOT; };
		1CD4E9B716C5CE1100BDF1B3 /* en */ = {isa = PBXFileReference; lastKnownFileType = text.rtf; name = en; path = "commotion-meshbook/en.lproj/Credits.rtf"; sourceTree = SOURCE_ROOT; };
		1CD4E9B916C5CE1100BDF1B3 /* en */ = {isa = PBXFileReference; lastKnownFileType = text.plist.strings; name = en; path = "commotion-meshbook/en.lproj/InfoPlist.strings"; sourceTree = SOURCE_ROOT; };
		1CD4E9BF16C5CF1C00BDF1B3 /* commotion-meshbook-Info.plist */ = {isa = PBXFileReference; fileEncoding = 4; lastKnownFileType = text.plist.xml; name = "commotion-meshbook-Info.plist"; path = "commotion-meshbook/commotion-meshbook-Info.plist"; sourceTree = SOURCE_ROOT; };
		1CD9F83916D18C2B0097D188 /* CoreWLAN.framework */ = {isa = PBXFileReference; lastKnownFileType = wrapper.framework; name = CoreWLAN.framework; path = Platforms/MacOSX.platform/Developer/SDKs/MacOSX10.7.sdk/System/Library/Frameworks/CoreWLAN.framework; sourceTree = DEVELOPER_DIR; };
		1CD9F83B16D18C3C0097D188 /* SecurityInterface.framework */ = {isa = PBXFileReference; lastKnownFileType = wrapper.framework; name = SecurityInterface.framework; path = Platforms/MacOSX.platform/Developer/SDKs/MacOSX10.7.sdk/System/Library/Frameworks/SecurityInterface.framework; sourceTree = DEVELOPER_DIR; };
		1CD9F83F16D19AB70097D188 /* menuMeshStatus.png */ = {isa = PBXFileReference; lastKnownFileType = image.png; name = menuMeshStatus.png; path = "commotion-meshbook/Images/menuMeshStatus.png"; sourceTree = SOURCE_ROOT; };
		1CD9F84016D19AB70097D188 /* menuMeshStatus@2x.png */ = {isa = PBXFileReference; lastKnownFileType = image.png; name = "menuMeshStatus@2x.png"; path = "commotion-meshbook/Images/menuMeshStatus@2x.png"; sourceTree = SOURCE_ROOT; };
		1CD9F84116D19AB70097D188 /* menuNetworkStatus.png */ = {isa = PBXFileReference; lastKnownFileType = image.png; name = menuNetworkStatus.png; path = "commotion-meshbook/Images/menuNetworkStatus.png"; sourceTree = SOURCE_ROOT; };
		1CD9F84216D19AB70097D188 /* menuNetworkStatus@2x.png */ = {isa = PBXFileReference; lastKnownFileType = image.png; name = "menuNetworkStatus@2x.png"; path = "commotion-meshbook/Images/menuNetworkStatus@2x.png"; sourceTree = SOURCE_ROOT; };
		1CD9F8DA16D2FF080097D188 /* CoreFoundation.framework */ = {isa = PBXFileReference; lastKnownFileType = wrapper.framework; name = CoreFoundation.framework; path = Platforms/MacOSX.platform/Developer/SDKs/MacOSX10.7.sdk/System/Library/Frameworks/CoreFoundation.framework; sourceTree = DEVELOPER_DIR; };
		1CD9F8DC16D2FF340097D188 /* SystemConfiguration.framework */ = {isa = PBXFileReference; lastKnownFileType = wrapper.framework; name = SystemConfiguration.framework; path = Platforms/MacOSX.platform/Developer/SDKs/MacOSX10.7.sdk/System/Library/Frameworks/SystemConfiguration.framework; sourceTree = DEVELOPER_DIR; };
		1CFACFD216DC27ED00DBBA58 /* ProfilesDoc.h */ = {isa = PBXFileReference; fileEncoding = 4; lastKnownFileType = sourcecode.c.h; name = ProfilesDoc.h; path = "commotion-meshbook/Data/ProfilesDoc.h"; sourceTree = SOURCE_ROOT; };
		1CFACFD316DC27ED00DBBA58 /* ProfilesDoc.m */ = {isa = PBXFileReference; fileEncoding = 4; lastKnownFileType = sourcecode.c.objc; name = ProfilesDoc.m; path = "commotion-meshbook/Data/ProfilesDoc.m"; sourceTree = SOURCE_ROOT; };
		1CFACFD516DC2E5600DBBA58 /* ProfilesDatabase.h */ = {isa = PBXFileReference; fileEncoding = 4; lastKnownFileType = sourcecode.c.h; name = ProfilesDatabase.h; path = "commotion-meshbook/Data/ProfilesDatabase.h"; sourceTree = SOURCE_ROOT; };
		1CFACFD616DC2E5600DBBA58 /* ProfilesDatabase.m */ = {isa = PBXFileReference; fileEncoding = 4; lastKnownFileType = sourcecode.c.objc; name = ProfilesDatabase.m; path = "commotion-meshbook/Data/ProfilesDatabase.m"; sourceTree = SOURCE_ROOT; };
/* End PBXFileReference section */

/* Begin PBXFrameworksBuildPhase section */
		1CC520E816B66128001951D8 /* Frameworks */ = {
			isa = PBXFrameworksBuildPhase;
			buildActionMask = 2147483647;
			files = (
				1CD9F8DD16D2FF340097D188 /* SystemConfiguration.framework in Frameworks */,
				1CD9F8DB16D2FF080097D188 /* CoreFoundation.framework in Frameworks */,
				1CD9F83C16D18C3C0097D188 /* SecurityInterface.framework in Frameworks */,
				1CD9F83A16D18C2B0097D188 /* CoreWLAN.framework in Frameworks */,
				1C83035016D087D0003A59FB /* Security.framework in Frameworks */,
				1CC5211416B66BEC001951D8 /* libicucore.dylib in Frameworks */,
				1CC520F016B66128001951D8 /* Cocoa.framework in Frameworks */,
			);
			runOnlyForDeploymentPostprocessing = 0;
		};
/* End PBXFrameworksBuildPhase section */

/* Begin PBXGroup section */
		1C52876116D6AF6600C4AEFC /* olsrd */ = {
			isa = PBXGroup;
			children = (
				1C52876216D6AF6600C4AEFC /* conf */,
				1C52876416D6AF6600C4AEFC /* lib */,
				1C52876616D6AF6600C4AEFC /* olsrd */,
			);
			name = olsrd;
			path = "commotion-meshbook/en.lproj/olsrd";
			sourceTree = SOURCE_ROOT;
		};
		1C52876216D6AF6600C4AEFC /* conf */ = {
			isa = PBXGroup;
			children = (
				1C52876316D6AF6600C4AEFC /* olsrd.conf */,
			);
			path = conf;
			sourceTree = "<group>";
		};
		1C52876416D6AF6600C4AEFC /* lib */ = {
			isa = PBXGroup;
			children = (
				1C52876516D6AF6600C4AEFC /* olsrd_jsoninfo.so.0.0 */,
			);
			path = lib;
			sourceTree = "<group>";
		};
		1C72FCED16C6E9C5000A6FE8 /* Images */ = {
			isa = PBXGroup;
			children = (
				1C890ABB16C7337F002CE42F /* icons.iconset */,
				1C72FD0416C6FCA3000A6FE8 /* menuIcon.png */,
				1C72FD0516C6FCA3000A6FE8 /* menuIconHighlighted.png */,
				1CD9F83F16D19AB70097D188 /* menuMeshStatus.png */,
				1CD9F84016D19AB70097D188 /* menuMeshStatus@2x.png */,
				1CD9F84116D19AB70097D188 /* menuNetworkStatus.png */,
				1CD9F84216D19AB70097D188 /* menuNetworkStatus@2x.png */,
				1C83030716CF67D9003A59FB /* tabStatus.png */,
				1C83030F16CF6F16003A59FB /* tabStatus@2x.png */,
				1C83030D16CF6F16003A59FB /* tabProfiles.png */,
				1C83030E16CF6F16003A59FB /* tabProfiles@2x.png */,
				1C83030916CF6F16003A59FB /* tabHelp.png */,
				1C83030A16CF6F16003A59FB /* tabHelp@2x.png */,
				1C83030B16CF6F16003A59FB /* tabLog.png */,
				1C83030C16CF6F16003A59FB /* tabLog@2x.png */,
				1C83031B16CF880D003A59FB /* profileThumb.png */,
				1C83031C16CF880D003A59FB /* profileThumb@2x.png */,
			);
			name = Images;
			path = "gp-meshconnect";
			sourceTree = "<group>";
		};
		1C8302DF16CEFAA6003A59FB /* Settings */ = {
			isa = PBXGroup;
			children = (
				1C8302F216CF63BD003A59FB /* Status */,
				1C8302F416CF63CC003A59FB /* Profiles */,
				1C8302F716CF6418003A59FB /* Help */,
				1C8302F816CF64D2003A59FB /* Log */,
			);
			name = Settings;
			sourceTree = "<group>";
		};
		1C8302EB16CF21F5003A59FB /* MASPreferences */ = {
			isa = PBXGroup;
			children = (
				1C8302EC16CF21F5003A59FB /* MASPreferencesViewController.h */,
				1C8302EE16CF21F5003A59FB /* MASPreferencesWindowController.h */,
				1C8302EF16CF21F5003A59FB /* MASPreferencesWindowController.m */,
				1C8302ED16CF21F5003A59FB /* MASPreferencesWindow.xib */,
			);
			name = MASPreferences;
			path = "commotion-meshbook/Libraries/MASPreferences";
			sourceTree = SOURCE_ROOT;
		};
		1C8302F216CF63BD003A59FB /* Status */ = {
			isa = PBXGroup;
			children = (
				1C8302E216CEFBA8003A59FB /* StatusViewController.h */,
				1C8302E316CEFBA8003A59FB /* StatusViewController.m */,
				1C8302E416CEFBA8003A59FB /* StatusViewController.xib */,
			);
			name = Status;
			path = "commotion-meshbook/ViewControllers";
			sourceTree = "<group>";
		};
		1C8302F416CF63CC003A59FB /* Profiles */ = {
			isa = PBXGroup;
			children = (
				1C83031716CF7988003A59FB /* Model */,
				1C8302D916CEFA97003A59FB /* ProfilesViewController.h */,
				1C8302DA16CEFA97003A59FB /* ProfilesViewController.m */,
				1C83030316CF65A9003A59FB /* ProfilesViewController.xib */,
			);
			name = Profiles;
			sourceTree = "<group>";
		};
		1C8302F716CF6418003A59FB /* Help */ = {
			isa = PBXGroup;
			children = (
				1C8302FB16CF64E5003A59FB /* HelpViewController.h */,
				1C8302FA16CF64E5003A59FB /* HelpViewController.m */,
				1C8302F916CF64E5003A59FB /* HelpViewController.xib */,
			);
			name = Help;
			sourceTree = "<group>";
		};
		1C8302F816CF64D2003A59FB /* Log */ = {
			isa = PBXGroup;
			children = (
				1C83030016CF64F5003A59FB /* LogViewController.h */,
				1C8302FF16CF64F5003A59FB /* LogViewController.m */,
				1C8302FE16CF64F5003A59FB /* LogViewController.xib */,
			);
			name = Log;
			sourceTree = "<group>";
		};
		1C83031716CF7988003A59FB /* Model */ = {
			isa = PBXGroup;
			children = (
				1C83031816CF7B7B003A59FB /* ProfilesData.h */,
				1C83031916CF7B7B003A59FB /* ProfilesData.m */,
				1CFACFD216DC27ED00DBBA58 /* ProfilesDoc.h */,
				1CFACFD316DC27ED00DBBA58 /* ProfilesDoc.m */,
				1CFACFD516DC2E5600DBBA58 /* ProfilesDatabase.h */,
				1CFACFD616DC2E5600DBBA58 /* ProfilesDatabase.m */,
			);
			name = Model;
			sourceTree = "<group>";
		};
		1C83034B16D08774003A59FB /* BLAuthentication */ = {
			isa = PBXGroup;
			children = (
				1C83036916D0CC35003A59FB /* BLAuthentication.h */,
				1C83036A16D0CC35003A59FB /* BLAuthentication.m */,
			);
			name = BLAuthentication;
			path = "commotion-meshbook/Libraries/BLAuthentication";
			sourceTree = SOURCE_ROOT;
		};
		1CC520E016B66128001951D8 = {
			isa = PBXGroup;
			children = (
				1CC520F516B66128001951D8 /* commotion-meshbook */,
				1C72FCED16C6E9C5000A6FE8 /* Images */,
				1CC5210C16B66247001951D8 /* Libraries */,
				1CC520F616B66128001951D8 /* Supporting Files */,
				1CC520EE16B66128001951D8 /* Frameworks */,
				1CC520EC16B66128001951D8 /* Products */,
			);
			sourceTree = "<group>";
		};
		1CC520EC16B66128001951D8 /* Products */ = {
			isa = PBXGroup;
			children = (
				1CC520EB16B66128001951D8 /* commotion-meshbook.app */,
			);
			name = Products;
			sourceTree = "<group>";
		};
		1CC520EE16B66128001951D8 /* Frameworks */ = {
			isa = PBXGroup;
			children = (
				1CD9F83D16D18C520097D188 /* Linked Frameworks */,
				1CD9F83E16D18C650097D188 /* Other Frameworks */,
			);
			name = Frameworks;
			sourceTree = "<group>";
		};
		1CC520F516B66128001951D8 /* commotion-meshbook */ = {
			isa = PBXGroup;
			children = (
				1CD4E9A716C5CDD300BDF1B3 /* AppDelegate.h */,
				1CD4E9AC16C5CDD300BDF1B3 /* AppDelegate.m */,
				1C52876A16D70A7C00C4AEFC /* NetworkDataSync.h */,
				1C52876B16D70A7C00C4AEFC /* NetworkDataSync.m */,
				1C1D533316D75F94003A8AE8 /* MeshDataSync.h */,
				1C1D533416D75F94003A8AE8 /* MeshDataSync.m */,
				1CD4E9AA16C5CDD300BDF1B3 /* MainMenu.xib */,
				1C8302DF16CEFAA6003A59FB /* Settings */,
			);
			name = "commotion-meshbook";
			path = "gp-meshconnect";
			sourceTree = "<group>";
		};
		1CC520F616B66128001951D8 /* Supporting Files */ = {
			isa = PBXGroup;
			children = (
				1C52876116D6AF6600C4AEFC /* olsrd */,
				1CD4E9B116C5CDFF00BDF1B3 /* commotion-meshbook-Prefix.pch */,
				1CD4E9BF16C5CF1C00BDF1B3 /* commotion-meshbook-Info.plist */,
				1CD4E9B216C5CDFF00BDF1B3 /* main.m */,
				1CD4E9B616C5CE1100BDF1B3 /* Credits.rtf */,
				1CD4E9B816C5CE1100BDF1B3 /* InfoPlist.strings */,
			);
			name = "Supporting Files";
			path = "gp-meshconnect";
			sourceTree = "<group>";
		};
		1CC5210C16B66247001951D8 /* Libraries */ = {
			isa = PBXGroup;
			children = (
				1C83034B16D08774003A59FB /* BLAuthentication */,
				1C8302EB16CF21F5003A59FB /* MASPreferences */,
			);
			name = Libraries;
			path = "gp-meshconnect";
			sourceTree = "<group>";
		};
		1CD9F83D16D18C520097D188 /* Linked Frameworks */ = {
			isa = PBXGroup;
			children = (
				1CD9F8DC16D2FF340097D188 /* SystemConfiguration.framework */,
				1CD9F8DA16D2FF080097D188 /* CoreFoundation.framework */,
				1CC520EF16B66128001951D8 /* Cocoa.framework */,
				1C83034F16D087CF003A59FB /* Security.framework */,
				1CD9F83B16D18C3C0097D188 /* SecurityInterface.framework */,
				1CD9F83916D18C2B0097D188 /* CoreWLAN.framework */,
				1CC520F316B66128001951D8 /* CoreData.framework */,
				1CC5211316B66BEC001951D8 /* libicucore.dylib */,
			);
			name = "Linked Frameworks";
			sourceTree = "<group>";
		};
		1CD9F83E16D18C650097D188 /* Other Frameworks */ = {
			isa = PBXGroup;
			children = (
				1C83035616D092CB003A59FB /* Foundation.framework */,
				1CC520F216B66128001951D8 /* AppKit.framework */,
			);
			name = "Other Frameworks";
			sourceTree = "<group>";
		};
/* End PBXGroup section */

/* Begin PBXNativeTarget section */
		1CC520EA16B66128001951D8 /* commotion-meshbook */ = {
			isa = PBXNativeTarget;
			buildConfigurationList = 1CC5210916B66129001951D8 /* Build configuration list for PBXNativeTarget "commotion-meshbook" */;
			buildPhases = (
				1CC520E716B66128001951D8 /* Sources */,
				1CC520E816B66128001951D8 /* Frameworks */,
				1CC520E916B66128001951D8 /* Resources */,
			);
			buildRules = (
			);
			dependencies = (
			);
			name = "commotion-meshbook";
			productName = "gp-meshconnect";
			productReference = 1CC520EB16B66128001951D8 /* commotion-meshbook.app */;
			productType = "com.apple.product-type.application";
		};
/* End PBXNativeTarget section */

/* Begin PBXProject section */
		1CC520E216B66128001951D8 /* Project object */ = {
			isa = PBXProject;
			attributes = {
				LastUpgradeCheck = 0450;
				ORGANIZATIONNAME = "Scal.io, LLC";
			};
			buildConfigurationList = 1CC520E516B66128001951D8 /* Build configuration list for PBXProject "commotion-meshbook" */;
			compatibilityVersion = "Xcode 3.2";
			developmentRegion = English;
			hasScannedForEncodings = 0;
			knownRegions = (
				en,
			);
			mainGroup = 1CC520E016B66128001951D8;
			productRefGroup = 1CC520EC16B66128001951D8 /* Products */;
			projectDirPath = "";
			projectRoot = "";
			targets = (
				1CC520EA16B66128001951D8 /* commotion-meshbook */,
			);
		};
/* End PBXProject section */

/* Begin PBXResourcesBuildPhase section */
		1CC520E916B66128001951D8 /* Resources */ = {
			isa = PBXResourcesBuildPhase;
			buildActionMask = 2147483647;
			files = (
				1CD4E9AE16C5CDD300BDF1B3 /* MainMenu.xib in Resources */,
				1CD4E9BB16C5CE1100BDF1B3 /* InfoPlist.strings in Resources */,
				1C72FD0616C6FCA3000A6FE8 /* menuIcon.png in Resources */,
				1C72FD0716C6FCA3000A6FE8 /* menuIconHighlighted.png in Resources */,
				1C890ABC16C7337F002CE42F /* icons.iconset in Resources */,
				1C8302E616CEFBA8003A59FB /* StatusViewController.xib in Resources */,
				1C8302F016CF21F5003A59FB /* MASPreferencesWindow.xib in Resources */,
				1C8302FC16CF64E5003A59FB /* HelpViewController.xib in Resources */,
				1C83030116CF64F5003A59FB /* LogViewController.xib in Resources */,
				1C83030416CF65A9003A59FB /* ProfilesViewController.xib in Resources */,
				1C83030816CF67D9003A59FB /* tabStatus.png in Resources */,
				1C83031016CF6F16003A59FB /* tabHelp.png in Resources */,
				1C83031116CF6F16003A59FB /* tabHelp@2x.png in Resources */,
				1C83031216CF6F16003A59FB /* tabLog.png in Resources */,
				1C83031316CF6F16003A59FB /* tabLog@2x.png in Resources */,
				1C83031416CF6F16003A59FB /* tabProfiles.png in Resources */,
				1C83031516CF6F16003A59FB /* tabProfiles@2x.png in Resources */,
				1C83031616CF6F16003A59FB /* tabStatus@2x.png in Resources */,
				1C83031D16CF880D003A59FB /* profileThumb.png in Resources */,
				1C83031E16CF880D003A59FB /* profileThumb@2x.png in Resources */,
				1CD9F84316D19AB70097D188 /* menuMeshStatus.png in Resources */,
				1CD9F84416D19AB70097D188 /* menuMeshStatus@2x.png in Resources */,
				1CD9F84516D19AB70097D188 /* menuNetworkStatus.png in Resources */,
				1CD9F84616D19AB70097D188 /* menuNetworkStatus@2x.png in Resources */,
				1C52876716D6AF6600C4AEFC /* olsrd.conf in Resources */,
				1C52876816D6AF6600C4AEFC /* olsrd_jsoninfo.so.0.0 in Resources */,
				1C52876916D6AF6600C4AEFC /* olsrd in Resources */,
			);
			runOnlyForDeploymentPostprocessing = 0;
		};
/* End PBXResourcesBuildPhase section */

/* Begin PBXSourcesBuildPhase section */
		1CC520E716B66128001951D8 /* Sources */ = {
			isa = PBXSourcesBuildPhase;
			buildActionMask = 2147483647;
			files = (
				1CD4E9AF16C5CDD300BDF1B3 /* AppDelegate.m in Sources */,
				1CD4E9B316C5CDFF00BDF1B3 /* main.m in Sources */,
				1C8302DC16CEFA97003A59FB /* ProfilesViewController.m in Sources */,
				1C8302E516CEFBA8003A59FB /* StatusViewController.m in Sources */,
				1C8302F116CF21F5003A59FB /* MASPreferencesWindowController.m in Sources */,
				1C8302FD16CF64E5003A59FB /* HelpViewController.m in Sources */,
				1C83030216CF64F5003A59FB /* LogViewController.m in Sources */,
				1C83031A16CF7B7B003A59FB /* ProfilesData.m in Sources */,
				1C83036B16D0CC35003A59FB /* BLAuthentication.m in Sources */,
				1C52876C16D70A7C00C4AEFC /* NetworkDataSync.m in Sources */,
				1C1D533516D75F94003A8AE8 /* MeshDataSync.m in Sources */,
				1CFACFD416DC27ED00DBBA58 /* ProfilesDoc.m in Sources */,
				1CFACFD716DC2E5700DBBA58 /* ProfilesDatabase.m in Sources */,
			);
			runOnlyForDeploymentPostprocessing = 0;
		};
/* End PBXSourcesBuildPhase section */

/* Begin PBXVariantGroup section */
		1CD4E9AA16C5CDD300BDF1B3 /* MainMenu.xib */ = {
			isa = PBXVariantGroup;
			children = (
				1CD4E9AB16C5CDD300BDF1B3 /* en */,
			);
			name = MainMenu.xib;
			sourceTree = "<group>";
		};
		1CD4E9B616C5CE1100BDF1B3 /* Credits.rtf */ = {
			isa = PBXVariantGroup;
			children = (
				1CD4E9B716C5CE1100BDF1B3 /* en */,
			);
			name = Credits.rtf;
			sourceTree = "<group>";
		};
		1CD4E9B816C5CE1100BDF1B3 /* InfoPlist.strings */ = {
			isa = PBXVariantGroup;
			children = (
				1CD4E9B916C5CE1100BDF1B3 /* en */,
			);
			name = InfoPlist.strings;
			sourceTree = "<group>";
		};
/* End PBXVariantGroup section */

/* Begin XCBuildConfiguration section */
		1CC5210716B66129001951D8 /* Debug */ = {
			isa = XCBuildConfiguration;
			buildSettings = {
				ALWAYS_SEARCH_USER_PATHS = NO;
				ARCHS = "$(ARCHS_STANDARD_64_BIT)";
				CLANG_CXX_LANGUAGE_STANDARD = "gnu++0x";
				CLANG_CXX_LIBRARY = "libc++";
				CLANG_ENABLE_OBJC_ARC = YES;
				CLANG_WARN_EMPTY_BODY = YES;
				CLANG_WARN__DUPLICATE_METHOD_MATCH = YES;
				COPY_PHASE_STRIP = NO;
				GCC_C_LANGUAGE_STANDARD = gnu99;
				GCC_DYNAMIC_NO_PIC = NO;
				GCC_ENABLE_OBJC_EXCEPTIONS = YES;
				GCC_OPTIMIZATION_LEVEL = 0;
				GCC_PREPROCESSOR_DEFINITIONS = (
					"DEBUG=1",
					"$(inherited)",
				);
				GCC_SYMBOLS_PRIVATE_EXTERN = NO;
				GCC_WARN_64_TO_32_BIT_CONVERSION = YES;
				GCC_WARN_ABOUT_RETURN_TYPE = YES;
				GCC_WARN_UNINITIALIZED_AUTOS = YES;
				GCC_WARN_UNUSED_VARIABLE = YES;
				MACOSX_DEPLOYMENT_TARGET = 10.8;
				ONLY_ACTIVE_ARCH = YES;
				SDKROOT = macosx;
			};
			name = Debug;
		};
		1CC5210816B66129001951D8 /* Release */ = {
			isa = XCBuildConfiguration;
			buildSettings = {
				ALWAYS_SEARCH_USER_PATHS = NO;
				ARCHS = "$(ARCHS_STANDARD_64_BIT)";
				CLANG_CXX_LANGUAGE_STANDARD = "gnu++0x";
				CLANG_CXX_LIBRARY = "libc++";
				CLANG_ENABLE_OBJC_ARC = YES;
				CLANG_WARN_EMPTY_BODY = YES;
				CLANG_WARN__DUPLICATE_METHOD_MATCH = YES;
				COPY_PHASE_STRIP = YES;
				DEBUG_INFORMATION_FORMAT = "dwarf-with-dsym";
				GCC_C_LANGUAGE_STANDARD = gnu99;
				GCC_ENABLE_OBJC_EXCEPTIONS = YES;
				GCC_WARN_64_TO_32_BIT_CONVERSION = YES;
				GCC_WARN_ABOUT_RETURN_TYPE = YES;
				GCC_WARN_UNINITIALIZED_AUTOS = YES;
				GCC_WARN_UNUSED_VARIABLE = YES;
				MACOSX_DEPLOYMENT_TARGET = 10.8;
				SDKROOT = macosx;
			};
			name = Release;
		};
		1CC5210A16B66129001951D8 /* Debug */ = {
			isa = XCBuildConfiguration;
			buildSettings = {
				ARCHS = "$(ARCHS_STANDARD_32_64_BIT)";
				COMBINE_HIDPI_IMAGES = YES;
				GCC_PRECOMPILE_PREFIX_HEADER = YES;
				GCC_PREFIX_HEADER = "commotion-meshbook/commotion-meshbook-Prefix.pch";
				INFOPLIST_FILE = "$(SRCROOT)/commotion-meshbook/commotion-meshbook-Info.plist";
				MACOSX_DEPLOYMENT_TARGET = 10.6;
				ONLY_ACTIVE_ARCH = YES;
				PRODUCT_NAME = "commotion-meshbook";
				SDKROOT = macosx10.7;
				VALID_ARCHS = "i386 x86_64";
				WRAPPER_EXTENSION = app;
			};
			name = Debug;
		};
		1CC5210B16B66129001951D8 /* Release */ = {
			isa = XCBuildConfiguration;
			buildSettings = {
				ARCHS = "$(ARCHS_STANDARD_32_64_BIT)";
				COMBINE_HIDPI_IMAGES = YES;
				GCC_PRECOMPILE_PREFIX_HEADER = YES;
				GCC_PREFIX_HEADER = "commotion-meshbook/commotion-meshbook-Prefix.pch";
				INFOPLIST_FILE = "$(SRCROOT)/commotion-meshbook/commotion-meshbook-Info.plist";
				MACOSX_DEPLOYMENT_TARGET = 10.6;
				ONLY_ACTIVE_ARCH = YES;
				PRODUCT_NAME = "commotion-meshbook";
				SDKROOT = macosx10.7;
				VALID_ARCHS = "i386 x86_64";
				WRAPPER_EXTENSION = app;
			};
			name = Release;
		};
/* End XCBuildConfiguration section */

/* Begin XCConfigurationList section */
		1CC520E516B66128001951D8 /* Build configuration list for PBXProject "commotion-meshbook" */ = {
			isa = XCConfigurationList;
			buildConfigurations = (
				1CC5210716B66129001951D8 /* Debug */,
				1CC5210816B66129001951D8 /* Release */,
			);
			defaultConfigurationIsVisible = 0;
			defaultConfigurationName = Release;
		};
		1CC5210916B66129001951D8 /* Build configuration list for PBXNativeTarget "commotion-meshbook" */ = {
			isa = XCConfigurationList;
			buildConfigurations = (
				1CC5210A16B66129001951D8 /* Debug */,
				1CC5210B16B66129001951D8 /* Release */,
			);
			defaultConfigurationIsVisible = 0;
			defaultConfigurationName = Release;
		};
/* End XCConfigurationList section */
	};
	rootObject = 1CC520E216B66128001951D8 /* Project object */;
}
